<?xml version="1.0" encoding="utf-8"?>
<Project ToolsVersion="4.0" xmlns="http://schemas.microsoft.com/developer/msbuild/2003">
  <ItemGroup>
    <Filter Include="Memory">
      <UniqueIdentifier>{90591225-bd6c-441a-b0f8-2f5f8348b75c}</UniqueIdentifier>
    </Filter>
    <Filter Include="File">
      <UniqueIdentifier>{d5e8fbbd-e702-4aee-967d-8c6dcac2e5ba}</UniqueIdentifier>
    </Filter>
    <Filter Include="Event">
      <UniqueIdentifier>{734287cc-0ed8-427d-a3a1-b510e8fd933c}</UniqueIdentifier>
    </Filter>
    <Filter Include="Input">
      <UniqueIdentifier>{a9fba134-5348-4fa8-8142-03579755014f}</UniqueIdentifier>
    </Filter>
    <Filter Include="Singleton">
      <UniqueIdentifier>{ac64fc0d-1680-47fe-aa81-84355b39734b}</UniqueIdentifier>
    </Filter>
  </ItemGroup>
  <ItemGroup>
    <ClCompile Include="Memory\DebugAllocator.cpp">
      <Filter>Memory</Filter>
    </ClCompile>
    <ClCompile Include="Core.cpp" />
    <ClCompile Include="Event\Event.cpp">
      <Filter>Event</Filter>
    </ClCompile>
    <ClCompile Include="Input\InputManager.cpp">
      <Filter>Input</Filter>
    </ClCompile>
    <ClCompile Include="Input\KeyboardEvent.cpp">
      <Filter>Input</Filter>
    </ClCompile>
    <ClCompile Include="Input\MouseEvent.cpp">
      <Filter>Input</Filter>
    </ClCompile>
    <ClCompile Include="Singleton\Singleton.cpp">
      <Filter>Singleton</Filter>
    </ClCompile>
  </ItemGroup>
  <ItemGroup>
    <ClInclude Include="Memory\DebugAllocator.h">
      <Filter>Memory</Filter>
    </ClInclude>
    <ClInclude Include="File\ImageUtilities.h">
      <Filter>File</Filter>
    </ClInclude>
    <ClInclude Include="Event\Event.h">
      <Filter>Event</Filter>
    </ClInclude>
    <ClInclude Include="Input\InputManager.h">
      <Filter>Input</Filter>
    </ClInclude>
    <ClInclude Include="Input\KeyboardEvent.h">
      <Filter>Input</Filter>
    </ClInclude>
    <ClInclude Include="Core.h" />
    <ClInclude Include="Input\MouseEvent.h">
      <Filter>Input</Filter>
    </ClInclude>
    <ClInclude Include="Singleton\Singleton.h">
      <Filter>Singleton</Filter>
    </ClInclude>
  </ItemGroup>
</Project>