<?xml version="1.0" encoding="utf-8"?>
<Project ToolsVersion="4.0" xmlns="http://schemas.microsoft.com/developer/msbuild/2003">
  <ItemGroup>
    <Filter Include="Core">
      <UniqueIdentifier>{33607bb8-b2ae-4811-9889-1d3a999fb453}</UniqueIdentifier>
    </Filter>
    <Filter Include="Engine">
      <UniqueIdentifier>{0842e9c6-dc88-415b-bf44-4af32b9e5f50}</UniqueIdentifier>
    </Filter>
  </ItemGroup>
  <ItemGroup>
    <ClCompile Include="main.cpp" />
    <ClCompile Include="Core\DebugAllocatorTest.cpp">
      <Filter>Core</Filter>
    </ClCompile>
    <ClCompile Include="Engine\CameraTest.cpp">
      <Filter>Engine</Filter>
    </ClCompile>
    <ClCompile Include="Core\SmallVectorTest.cpp">
      <Filter>Core</Filter>
    </ClCompile>
    <ClCompile Include="Core\FileManagementTest.cpp">
      <Filter>Core</Filter>
    </ClCompile>
    <ClCompile Include="Core\StringUtilsTest.cpp">
      <Filter>Core</Filter>
    </ClCompile>
  </ItemGroup>
</Project>