<?xml version="1.0" encoding="utf-8"?>
<Project ToolsVersion="4.0" xmlns="http://schemas.microsoft.com/developer/msbuild/2003">
  <ItemGroup>
    <Filter Include="Framework">
      <UniqueIdentifier>{634a79c9-adbb-4ae7-8bed-e17519f1510c}</UniqueIdentifier>
    </Filter>
    <Filter Include="Core">
      <UniqueIdentifier>{33607bb8-b2ae-4811-9889-1d3a999fb453}</UniqueIdentifier>
    </Filter>
  </ItemGroup>
  <ItemGroup>
    <ClCompile Include="main.cpp" />
  </ItemGroup>
  <ItemGroup>
    <ClInclude Include="Framework\UnitTestsFramework.h">
      <Filter>Framework</Filter>
    </ClInclude>
    <ClInclude Include="Core\DebugAllocatorTest.h">
      <Filter>Core</Filter>
    </ClInclude>
  </ItemGroup>
</Project>