<?xml version="1.0" encoding="utf-8"?>
<Project ToolsVersion="4.0" xmlns="http://schemas.microsoft.com/developer/msbuild/2003">
  <ItemGroup>
    <Filter Include="Shaders">
      <UniqueIdentifier>{d12bb98a-25cc-42a4-ba44-02ef13708d52}</UniqueIdentifier>
    </Filter>
    <Filter Include="Textures">
      <UniqueIdentifier>{aac12183-04cc-44ed-82ee-4f3bcdd12a2c}</UniqueIdentifier>
    </Filter>
    <Filter Include="Window">
      <UniqueIdentifier>{91bf547d-31a9-4165-ae83-bdf43b11563f}</UniqueIdentifier>
    </Filter>
    <Filter Include="RenderState">
      <UniqueIdentifier>{e9237b71-7392-4fd5-9c2e-2f4ad2279905}</UniqueIdentifier>
    </Filter>
    <Filter Include="LowLevelAPI">
      <UniqueIdentifier>{2390abc6-3304-417b-90e2-476440dfe042}</UniqueIdentifier>
    </Filter>
    <Filter Include="Mesh">
      <UniqueIdentifier>{99cd1b13-639b-48a2-a4b5-e6d1d2ad268f}</UniqueIdentifier>
    </Filter>
    <Filter Include="Vulkan">
      <UniqueIdentifier>{8c3cae25-9588-4979-bcc8-6f6d01dfcd56}</UniqueIdentifier>
    </Filter>
  </ItemGroup>
  <ItemGroup>
    <ClInclude Include="Textures\Texture.h">
      <Filter>Textures</Filter>
    </ClInclude>
    <ClInclude Include="Window\WindowManager.h">
      <Filter>Window</Filter>
    </ClInclude>
    <ClInclude Include="GraphicsType.h" />
    <ClInclude Include="Shaders\ShaderCompiler.h">
      <Filter>Shaders</Filter>
    </ClInclude>
    <ClInclude Include="Shaders\Shader.h">
      <Filter>Shaders</Filter>
    </ClInclude>
    <ClInclude Include="RenderState\RenderState.h">
      <Filter>RenderState</Filter>
    </ClInclude>
    <ClInclude Include="LowLevelAPI\LowLevelGPUAPI.h">
      <Filter>LowLevelAPI</Filter>
    </ClInclude>
    <ClInclude Include="LowLevelAPI\LowLevelGPUResource.h">
      <Filter>LowLevelAPI</Filter>
    </ClInclude>
    <ClInclude Include="Mesh\Mesh.h">
      <Filter>Mesh</Filter>
    </ClInclude>
    <ClInclude Include="Vulkan\VulkanInstance.h">
      <Filter>Vulkan</Filter>
    </ClInclude>
  </ItemGroup>
  <ItemGroup>
    <ClCompile Include="Shaders\Shader.cpp">
      <Filter>Shaders</Filter>
    </ClCompile>
    <ClCompile Include="Textures\Texture.cpp">
      <Filter>Textures</Filter>
    </ClCompile>
    <ClCompile Include="Window\WindowManager.cpp">
      <Filter>Window</Filter>
    </ClCompile>
    <ClCompile Include="Shaders\ShaderCompiler.cpp">
      <Filter>Shaders</Filter>
    </ClCompile>
    <ClCompile Include="RenderState\RenderState.cpp">
      <Filter>RenderState</Filter>
    </ClCompile>
    <ClCompile Include="LowLevelAPI\LowLevelGPUAPI.cpp">
      <Filter>LowLevelAPI</Filter>
    </ClCompile>
    <ClCompile Include="LowLevelAPI\LowLevelGPUResource.cpp">
      <Filter>LowLevelAPI</Filter>
    </ClCompile>
    <ClCompile Include="Mesh\Mesh.cpp">
      <Filter>Mesh</Filter>
    </ClCompile>
    <ClCompile Include="Vulkan\VulkanInstance.cpp">
      <Filter>Vulkan</Filter>
    </ClCompile>
  </ItemGroup>
</Project>