
Microsoft Visual Studio Solution File, Format Version 12.00
# Visual Studio 2013
VisualStudioVersion = 12.0.21005.1
MinimumVisualStudioVersion = 10.0.40219.1
Project("{8BC9CEB8-8B4A-11D0-8D11-00A0C91BC942}") = "Core", "..\Source\Core\Core.vcxproj", "{B2B761D1-9B8E-4405-BC21-57F42556D5BF}"
EndProject
Project("{8BC9CEB8-8B4A-11D0-8D11-00A0C91BC942}") = "Test_Core", "Core\Test_Core.vcxproj", "{0E21D610-4C28-41E4-BEFA-EFA72A58538D}"
EndProject
Project("{8BC9CEB8-8B4A-11D0-8D11-00A0C91BC942}") = "UnitTest++.vsnet2005", "..\Extern\UnitTest++\UnitTest++.vsnet2005.vcxproj", "{64A4FEFE-0461-4E95-8CC1-91EF5F57DBC6}"
EndProject
Global
	GlobalSection(SolutionConfigurationPlatforms) = preSolution
		Debug|Win32 = Debug|Win32
		Release|Win32 = Release|Win32
	EndGlobalSection
	GlobalSection(ProjectConfigurationPlatforms) = postSolution
		{B2B761D1-9B8E-4405-BC21-57F42556D5BF}.Debug|Win32.ActiveCfg = Debug|Win32
		{B2B761D1-9B8E-4405-BC21-57F42556D5BF}.Debug|Win32.Build.0 = Debug|Win32
		{B2B761D1-9B8E-4405-BC21-57F42556D5BF}.Release|Win32.ActiveCfg = Release|Win32
		{B2B761D1-9B8E-4405-BC21-57F42556D5BF}.Release|Win32.Build.0 = Release|Win32
		{0E21D610-4C28-41E4-BEFA-EFA72A58538D}.Debug|Win32.ActiveCfg = Debug|Win32
		{0E21D610-4C28-41E4-BEFA-EFA72A58538D}.Debug|Win32.Build.0 = Debug|Win32
		{0E21D610-4C28-41E4-BEFA-EFA72A58538D}.Release|Win32.ActiveCfg = Release|Win32
		{0E21D610-4C28-41E4-BEFA-EFA72A58538D}.Release|Win32.Build.0 = Release|Win32
		{64A4FEFE-0461-4E95-8CC1-91EF5F57DBC6}.Debug|Win32.ActiveCfg = Debug|Win32
		{64A4FEFE-0461-4E95-8CC1-91EF5F57DBC6}.Debug|Win32.Build.0 = Debug|Win32
		{64A4FEFE-0461-4E95-8CC1-91EF5F57DBC6}.Release|Win32.ActiveCfg = Release|Win32
		{64A4FEFE-0461-4E95-8CC1-91EF5F57DBC6}.Release|Win32.Build.0 = Release|Win32
	EndGlobalSection
	GlobalSection(SolutionProperties) = preSolution
		HideSolutionNode = FALSE
	EndGlobalSection
EndGlobal
