<?xml version="1.0" encoding="utf-8"?>
<Project ToolsVersion="4.0" xmlns="http://schemas.microsoft.com/developer/msbuild/2003">
  <ItemGroup>
    <Filter Include="SkyBox">
      <UniqueIdentifier>{f44a87aa-8902-49cb-b9b8-0c878677541f}</UniqueIdentifier>
    </Filter>
    <Filter Include="Material">
      <UniqueIdentifier>{ba42226d-de62-4e55-a7be-c067788a2eec}</UniqueIdentifier>
    </Filter>
    <Filter Include="Mesh">
      <UniqueIdentifier>{5ba85ba1-7701-4ae0-b9e6-f13235dd8e6d}</UniqueIdentifier>
    </Filter>
    <Filter Include="Geometry">
      <UniqueIdentifier>{96a81550-81c2-453d-8a97-677bf29d3a2a}</UniqueIdentifier>
    </Filter>
    <Filter Include="Resource">
      <UniqueIdentifier>{4d19d044-44da-45b5-80e6-1e8be85daebb}</UniqueIdentifier>
    </Filter>
  </ItemGroup>
  <ItemGroup>
    <ClInclude Include="GraphicsEngine.h" />
    <ClInclude Include="SkyBox\SkyBox.h">
      <Filter>SkyBox</Filter>
    </ClInclude>
    <ClInclude Include="Material\Material.h">
      <Filter>Material</Filter>
    </ClInclude>
    <ClInclude Include="Mesh\Mesh.h">
      <Filter>Mesh</Filter>
    </ClInclude>
    <ClInclude Include="Geometry\GeometryInstance.h">
      <Filter>Geometry</Filter>
    </ClInclude>
    <ClInclude Include="Mesh\MinecraftWorldMesh.h">
      <Filter>Mesh</Filter>
    </ClInclude>
    <ClInclude Include="Resource\GraphicsResourceManager.h">
      <Filter>Resource</Filter>
    </ClInclude>
  </ItemGroup>
  <ItemGroup>
    <ClCompile Include="GraphicsEngine.cpp" />
    <ClCompile Include="SkyBox\SkyBox.cpp">
      <Filter>SkyBox</Filter>
    </ClCompile>
    <ClCompile Include="Material\Material.cpp">
      <Filter>Material</Filter>
    </ClCompile>
    <ClCompile Include="Mesh\Mesh.cpp">
      <Filter>Mesh</Filter>
    </ClCompile>
    <ClCompile Include="Geometry\GeometryInstance.cpp">
      <Filter>Geometry</Filter>
    </ClCompile>
    <ClCompile Include="Mesh\MinecraftWorldMesh.cpp">
      <Filter>Mesh</Filter>
    </ClCompile>
    <ClCompile Include="Resource\GraphicsResourceManager.cpp">
      <Filter>Resource</Filter>
    </ClCompile>
  </ItemGroup>
</Project>